
Microsoft Visual Studio Solution File, Format Version 12.00
# Visual Studio Version 16
VisualStudioVersion = 16.0.29503.13
MinimumVisualStudioVersion = 10.0.40219.1
Project("{FAE04EC0-301F-11D3-BF4B-00C04F79EFBC}") = "Pattern_MVVM", "Pattern_MVVM.csproj", "{369BDFE2-1F78-4262-B16B-89EAE66E8B5C}"
EndProject
Project("{9A19103F-16F7-4668-BE54-9A1E7A4F7556}") = "Pattern_MVVMConsole", "..\..\..\..\tests\Pattern_MVVMConsole\Pattern_MVVMConsole.csproj", "{4843BF3F-146F-4B9B-843A-AAC68A1CE8A2}"
EndProject
Project("{FAE04EC0-301F-11D3-BF4B-00C04F79EFBC}") = "Pattern_MVVMTest", "..\..\..\..\tests\Pattern_MVVMTest\Pattern_MVVMTest.csproj", "{01264922-A584-4798-A530-8762BAF187E3}"
EndProject
Global
	GlobalSection(SolutionConfigurationPlatforms) = preSolution
		Debug|Any CPU = Debug|Any CPU
		Release|Any CPU = Release|Any CPU
	EndGlobalSection
	GlobalSection(ProjectConfigurationPlatforms) = postSolution
		{369BDFE2-1F78-4262-B16B-89EAE66E8B5C}.Debug|Any CPU.ActiveCfg = Debug|Any CPU
		{369BDFE2-1F78-4262-B16B-89EAE66E8B5C}.Debug|Any CPU.Build.0 = Debug|Any CPU
		{369BDFE2-1F78-4262-B16B-89EAE66E8B5C}.Release|Any CPU.ActiveCfg = Release|Any CPU
		{369BDFE2-1F78-4262-B16B-89EAE66E8B5C}.Release|Any CPU.Build.0 = Release|Any CPU
		{4843BF3F-146F-4B9B-843A-AAC68A1CE8A2}.Debug|Any CPU.ActiveCfg = Debug|Any CPU
		{4843BF3F-146F-4B9B-843A-AAC68A1CE8A2}.Debug|Any CPU.Build.0 = Debug|Any CPU
		{4843BF3F-146F-4B9B-843A-AAC68A1CE8A2}.Release|Any CPU.ActiveCfg = Release|Any CPU
		{4843BF3F-146F-4B9B-843A-AAC68A1CE8A2}.Release|Any CPU.Build.0 = Release|Any CPU
		{01264922-A584-4798-A530-8762BAF187E3}.Debug|Any CPU.ActiveCfg = Debug|Any CPU
		{01264922-A584-4798-A530-8762BAF187E3}.Debug|Any CPU.Build.0 = Debug|Any CPU
		{01264922-A584-4798-A530-8762BAF187E3}.Release|Any CPU.ActiveCfg = Release|Any CPU
		{01264922-A584-4798-A530-8762BAF187E3}.Release|Any CPU.Build.0 = Release|Any CPU
	EndGlobalSection
	GlobalSection(SolutionProperties) = preSolution
		HideSolutionNode = FALSE
	EndGlobalSection
	GlobalSection(ExtensibilityGlobals) = postSolution
		SolutionGuid = {BE08A7C8-07CA-461F-8647-6FB7B7982141}
	EndGlobalSection
EndGlobal
